
Microsoft Visual Studio Solution File, Format Version 12.00
# Visual Studio 2013
VisualStudioVersion = 12.0.31101.0
MinimumVisualStudioVersion = 10.0.40219.1
Project("{FAE04EC0-301F-11D3-BF4B-00C04F79EFBC}") = "Privet.ODataBackend", "../../src/Privet/ODataBackend/Privet.ODataBackend.csproj", "{CEC7B8A7-BAE2-479B-97FC-893E154C2188}"
EndProject
Project("{FAE04EC0-301F-11D3-BF4B-00C04F79EFBC}") = "Privet.Objects", "../../src/Privet/Objects/Privet.Objects.csproj", "{887D0B9E-BC83-46E1-A727-EC92AF0B4FE2}"
EndProject
Global
	GlobalSection(SolutionConfigurationPlatforms) = preSolution
Debug|Any CPU = Debug|Any CPU
Release|Any CPU = Release|Any CPU
	EndGlobalSection
	GlobalSection(ProjectConfigurationPlatforms) = postSolution
		{CEC7B8A7-BAE2-479B-97FC-893E154C2188}.Debug|Any CPU.ActiveCfg = Debug|Any CPU
		{CEC7B8A7-BAE2-479B-97FC-893E154C2188}.Debug|Any CPU.Build.0 = Debug|Any CPU
		{CEC7B8A7-BAE2-479B-97FC-893E154C2188}.Release|Any CPU.ActiveCfg = Release|Any CPU
		{CEC7B8A7-BAE2-479B-97FC-893E154C2188}.Release|Any CPU.Build.0 = Release|Any CPU
		{887D0B9E-BC83-46E1-A727-EC92AF0B4FE2}.Debug|Any CPU.ActiveCfg = Debug|Any CPU
		{887D0B9E-BC83-46E1-A727-EC92AF0B4FE2}.Debug|Any CPU.Build.0 = Debug|Any CPU
		{887D0B9E-BC83-46E1-A727-EC92AF0B4FE2}.Release|Any CPU.ActiveCfg = Release|Any CPU
		{887D0B9E-BC83-46E1-A727-EC92AF0B4FE2}.Release|Any CPU.Build.0 = Release|Any CPU
	EndGlobalSection
	GlobalSection(SolutionProperties) = preSolution
		HideSolutionNode = FALSE
	EndGlobalSection
EndGlobal
